
Microsoft Visual Studio Solution File, Format Version 12.00
# Visual Studio Version 16
VisualStudioVersion = 16.0.32510.428
MinimumVisualStudioVersion = 10.0.40219.1
Project("{FAE04EC0-301F-11D3-BF4B-00C04F79EFBC}") = "SpinLock", "SpinLock.csproj", "{D427B4E5-4C6B-4E9B-B7B6-2EE0EDFAD211}"
EndProject
Project("{FAE04EC0-301F-11D3-BF4B-00C04F79EFBC}") = "ContextSwitch", "..\ContextSwitch\ContextSwitch.csproj", "{C8ABBF32-2DE6-4914-82AE-5C4DF6541BDE}"
EndProject
Global
	GlobalSection(SolutionConfigurationPlatforms) = preSolution
		Debug|Any CPU = Debug|Any CPU
		Release|Any CPU = Release|Any CPU
	EndGlobalSection
	GlobalSection(ProjectConfigurationPlatforms) = postSolution
		{D427B4E5-4C6B-4E9B-B7B6-2EE0EDFAD211}.Debug|Any CPU.ActiveCfg = Debug|Any CPU
		{D427B4E5-4C6B-4E9B-B7B6-2EE0EDFAD211}.Debug|Any CPU.Build.0 = Debug|Any CPU
		{D427B4E5-4C6B-4E9B-B7B6-2EE0EDFAD211}.Release|Any CPU.ActiveCfg = Release|Any CPU
		{D427B4E5-4C6B-4E9B-B7B6-2EE0EDFAD211}.Release|Any CPU.Build.0 = Release|Any CPU
		{C8ABBF32-2DE6-4914-82AE-5C4DF6541BDE}.Debug|Any CPU.ActiveCfg = Debug|Any CPU
		{C8ABBF32-2DE6-4914-82AE-5C4DF6541BDE}.Debug|Any CPU.Build.0 = Debug|Any CPU
		{C8ABBF32-2DE6-4914-82AE-5C4DF6541BDE}.Release|Any CPU.ActiveCfg = Release|Any CPU
		{C8ABBF32-2DE6-4914-82AE-5C4DF6541BDE}.Release|Any CPU.Build.0 = Release|Any CPU
	EndGlobalSection
	GlobalSection(SolutionProperties) = preSolution
		HideSolutionNode = FALSE
	EndGlobalSection
	GlobalSection(ExtensibilityGlobals) = postSolution
		SolutionGuid = {E599BA7B-D124-4006-82A7-83065D13A5BC}
	EndGlobalSection
EndGlobal
