
Microsoft Visual Studio Solution File, Format Version 12.00
# Visual Studio Version 16
VisualStudioVersion = 16.0.32510.428
MinimumVisualStudioVersion = 10.0.40219.1
Project("{FAE04EC0-301F-11D3-BF4B-00C04F79EFBC}") = "ThreadTest", "ThreadTest.csproj", "{05FBA317-281C-450D-B89D-AC79FDB4DBCD}"
EndProject
Global
	GlobalSection(SolutionConfigurationPlatforms) = preSolution
		Debug|Any CPU = Debug|Any CPU
		Release|Any CPU = Release|Any CPU
	EndGlobalSection
	GlobalSection(ProjectConfigurationPlatforms) = postSolution
		{05FBA317-281C-450D-B89D-AC79FDB4DBCD}.Debug|Any CPU.ActiveCfg = Debug|Any CPU
		{05FBA317-281C-450D-B89D-AC79FDB4DBCD}.Debug|Any CPU.Build.0 = Debug|Any CPU
		{05FBA317-281C-450D-B89D-AC79FDB4DBCD}.Release|Any CPU.ActiveCfg = Release|Any CPU
		{05FBA317-281C-450D-B89D-AC79FDB4DBCD}.Release|Any CPU.Build.0 = Release|Any CPU
	EndGlobalSection
	GlobalSection(SolutionProperties) = preSolution
		HideSolutionNode = FALSE
	EndGlobalSection
	GlobalSection(ExtensibilityGlobals) = postSolution
		SolutionGuid = {8AF9E42F-4732-4F30-A343-F743D206D313}
	EndGlobalSection
EndGlobal
